
Microsoft Visual Studio Solution File, Format Version 12.00
# Visual Studio 2015
Project("{FAE04EC0-301F-11D3-BF4B-00C04F79EFBC}") = "UnityVS.AllMinigames.CSharp", "UnityVS.AllMinigames.CSharp.csproj", "{031F1A0D-270A-E447-1E72-2DE117B767FD}"
EndProject
Project("{FAE04EC0-301F-11D3-BF4B-00C04F79EFBC}") = "UnityVS.AllMinigames.CSharp.Editor", "UnityVS.AllMinigames.CSharp.Editor.csproj", "{84AA892A-080E-CBDA-4C35-0B186282CC55}"
EndProject
Global
	GlobalSection(SolutionConfigurationPlatforms) = preSolution
		Debug|Any CPU = Debug|Any CPU
		Release|Any CPU = Release|Any CPU
	EndGlobalSection
	GlobalSection(ProjectConfigurationPlatforms) = postSolution
		{031F1A0D-270A-E447-1E72-2DE117B767FD}.Debug|Any CPU.ActiveCfg = Debug|Any CPU
		{031F1A0D-270A-E447-1E72-2DE117B767FD}.Debug|Any CPU.Build.0 = Debug|Any CPU
		{031F1A0D-270A-E447-1E72-2DE117B767FD}.Release|Any CPU.ActiveCfg = Release|Any CPU
		{031F1A0D-270A-E447-1E72-2DE117B767FD}.Release|Any CPU.Build.0 = Release|Any CPU
		{84AA892A-080E-CBDA-4C35-0B186282CC55}.Debug|Any CPU.ActiveCfg = Debug|Any CPU
		{84AA892A-080E-CBDA-4C35-0B186282CC55}.Debug|Any CPU.Build.0 = Debug|Any CPU
		{84AA892A-080E-CBDA-4C35-0B186282CC55}.Release|Any CPU.ActiveCfg = Release|Any CPU
		{84AA892A-080E-CBDA-4C35-0B186282CC55}.Release|Any CPU.Build.0 = Release|Any CPU
	EndGlobalSection
	GlobalSection(SolutionProperties) = preSolution
		HideSolutionNode = FALSE
	EndGlobalSection
EndGlobal
